
Microsoft Visual Studio Solution File, Format Version 12.00
# Visual Studio 15
VisualStudioVersion = 15.0.27703.2035
MinimumVisualStudioVersion = 10.0.40219.1
Project("{FAE04EC0-301F-11D3-BF4B-00C04F79EFBC}") = "GitBranchingTestApplication", "GitBranchingTestApplication\GitBranchingTestApplication.csproj", "{4FC55822-01DB-437C-9176-2F2A56062F68}"
EndProject
Global
	GlobalSection(SolutionConfigurationPlatforms) = preSolution
		Debug|Any CPU = Debug|Any CPU
		Release|Any CPU = Release|Any CPU
	EndGlobalSection
	GlobalSection(ProjectConfigurationPlatforms) = postSolution
		{4FC55822-01DB-437C-9176-2F2A56062F68}.Debug|Any CPU.ActiveCfg = Debug|Any CPU
		{4FC55822-01DB-437C-9176-2F2A56062F68}.Debug|Any CPU.Build.0 = Debug|Any CPU
		{4FC55822-01DB-437C-9176-2F2A56062F68}.Release|Any CPU.ActiveCfg = Release|Any CPU
		{4FC55822-01DB-437C-9176-2F2A56062F68}.Release|Any CPU.Build.0 = Release|Any CPU
	EndGlobalSection
	GlobalSection(SolutionProperties) = preSolution
		HideSolutionNode = FALSE
	EndGlobalSection
	GlobalSection(ExtensibilityGlobals) = postSolution
		SolutionGuid = {CB74C2E9-6A7F-41C0-ABA2-175FF03A1691}
	EndGlobalSection
EndGlobal
